
Microsoft Visual Studio Solution File, Format Version 12.00
# Visual Studio 15
VisualStudioVersion = 15.0.28010.2003
MinimumVisualStudioVersion = 10.0.40219.1
Project("{FAE04EC0-301F-11D3-BF4B-00C04F79EFBC}") = "sudokuSolverFixed", "sudokuSolverFixed\sudokuSolverFixed.csproj", "{359301B3-2C37-4869-8052-A7397338DA5D}"
EndProject
Global
	GlobalSection(SolutionConfigurationPlatforms) = preSolution
		Debug|Any CPU = Debug|Any CPU
		Release|Any CPU = Release|Any CPU
	EndGlobalSection
	GlobalSection(ProjectConfigurationPlatforms) = postSolution
		{359301B3-2C37-4869-8052-A7397338DA5D}.Debug|Any CPU.ActiveCfg = Debug|Any CPU
		{359301B3-2C37-4869-8052-A7397338DA5D}.Debug|Any CPU.Build.0 = Debug|Any CPU
		{359301B3-2C37-4869-8052-A7397338DA5D}.Release|Any CPU.ActiveCfg = Release|Any CPU
		{359301B3-2C37-4869-8052-A7397338DA5D}.Release|Any CPU.Build.0 = Release|Any CPU
	EndGlobalSection
	GlobalSection(SolutionProperties) = preSolution
		HideSolutionNode = FALSE
	EndGlobalSection
	GlobalSection(ExtensibilityGlobals) = postSolution
		SolutionGuid = {4DD7C87C-5CFF-4E26-87C5-6D2706B831BC}
	EndGlobalSection
EndGlobal
